// !$*UTF8*$!
{
	archiveVersion = 1;
	classes = {
	};
	objectVersion = 50;
	objects = {

/* Begin PBXBuildFile section */
		18F01B9624BE639100376394 /* AppDelegate.swift in Sources */ = {isa = PBXBuildFile; fileRef = 18F01B9524BE639100376394 /* AppDelegate.swift */; };
		18F01B9824BE639100376394 /* SceneDelegate.swift in Sources */ = {isa = PBXBuildFile; fileRef = 18F01B9724BE639100376394 /* SceneDelegate.swift */; };
		18F01B9A24BE639100376394 /* ViewController.swift in Sources */ = {isa = PBXBuildFile; fileRef = 18F01B9924BE639100376394 /* ViewController.swift */; };
		18F01B9D24BE639100376394 /* Main.storyboard in Resources */ = {isa = PBXBuildFile; fileRef = 18F01B9B24BE639100376394 /* Main.storyboard */; };
		18F01BA024BE639200376394 /* FINALproject.xcdatamodeld in Sources */ = {isa = PBXBuildFile; fileRef = 18F01B9E24BE639200376394 /* FINALproject.xcdatamodeld */; };
		18F01BA224BE639300376394 /* Assets.xcassets in Resources */ = {isa = PBXBuildFile; fileRef = 18F01BA124BE639300376394 /* Assets.xcassets */; };
		18F01BA524BE639300376394 /* LaunchScreen.storyboard in Resources */ = {isa = PBXBuildFile; fileRef = 18F01BA324BE639300376394 /* LaunchScreen.storyboard */; };
		18F01BAD24BE678100376394 /* HomePageViewController.swift in Sources */ = {isa = PBXBuildFile; fileRef = 18F01BAC24BE678100376394 /* HomePageViewController.swift */; };
		18F01BAF24BE67A900376394 /* explanationViewController.swift in Sources */ = {isa = PBXBuildFile; fileRef = 18F01BAE24BE67A900376394 /* explanationViewController.swift */; };
		18F01BB324BE67E800376394 /* bucketViewController.swift in Sources */ = {isa = PBXBuildFile; fileRef = 18F01BB224BE67E800376394 /* bucketViewController.swift */; };
		18F01BB524BE681B00376394 /* searchViewController.swift in Sources */ = {isa = PBXBuildFile; fileRef = 18F01BB424BE681B00376394 /* searchViewController.swift */; };
		F94CDD5524C0E0CA0018F80D /* israelViewController.swift in Sources */ = {isa = PBXBuildFile; fileRef = F94CDD5424C0E0CA0018F80D /* israelViewController.swift */; };
		F9D69FC824BE88D6005618EF /* mapViewController.swift in Sources */ = {isa = PBXBuildFile; fileRef = F9D69FC724BE88D6005618EF /* mapViewController.swift */; };
		F9D69FCA24BEA936005618EF /* italyViewController.swift in Sources */ = {isa = PBXBuildFile; fileRef = F9D69FC924BEA936005618EF /* italyViewController.swift */; };
		F9D69FCC24BEA97B005618EF /* greeceViewController.swift in Sources */ = {isa = PBXBuildFile; fileRef = F9D69FCB24BEA97B005618EF /* greeceViewController.swift */; };
		F9D69FCE24BEA9B8005618EF /* australiaViewController.swift in Sources */ = {isa = PBXBuildFile; fileRef = F9D69FCD24BEA9B8005618EF /* australiaViewController.swift */; };
		F9D69FD024BEA9F3005618EF /* brazilViewController.swift in Sources */ = {isa = PBXBuildFile; fileRef = F9D69FCF24BEA9F3005618EF /* brazilViewController.swift */; };
		F9D69FD224BEAA15005618EF /* ghanaViewController.swift in Sources */ = {isa = PBXBuildFile; fileRef = F9D69FD124BEAA15005618EF /* ghanaViewController.swift */; };
		F9D69FD424BEAA3C005618EF /* moroccoViewController.swift in Sources */ = {isa = PBXBuildFile; fileRef = F9D69FD324BEAA3C005618EF /* moroccoViewController.swift */; };
		F9D69FD624BEAA62005618EF /* philippinesViewController.swift in Sources */ = {isa = PBXBuildFile; fileRef = F9D69FD524BEAA62005618EF /* philippinesViewController.swift */; };
/* End PBXBuildFile section */

/* Begin PBXFileReference section */
		18F01B9224BE639100376394 /* FINALproject.app */ = {isa = PBXFileReference; explicitFileType = wrapper.application; includeInIndex = 0; path = FINALproject.app; sourceTree = BUILT_PRODUCTS_DIR; };
		18F01B9524BE639100376394 /* AppDelegate.swift */ = {isa = PBXFileReference; lastKnownFileType = sourcecode.swift; path = AppDelegate.swift; sourceTree = "<group>"; };
		18F01B9724BE639100376394 /* SceneDelegate.swift */ = {isa = PBXFileReference; lastKnownFileType = sourcecode.swift; path = SceneDelegate.swift; sourceTree = "<group>"; };
		18F01B9924BE639100376394 /* ViewController.swift */ = {isa = PBXFileReference; lastKnownFileType = sourcecode.swift; path = ViewController.swift; sourceTree = "<group>"; };
		18F01B9C24BE639100376394 /* Base */ = {isa = PBXFileReference; lastKnownFileType = file.storyboard; name = Base; path = Base.lproj/Main.storyboard; sourceTree = "<group>"; };
		18F01B9F24BE639200376394 /* FINALproject.xcdatamodel */ = {isa = PBXFileReference; lastKnownFileType = wrapper.xcdatamodel; path = FINALproject.xcdatamodel; sourceTree = "<group>"; };
		18F01BA124BE639300376394 /* Assets.xcassets */ = {isa = PBXFileReference; lastKnownFileType = folder.assetcatalog; path = Assets.xcassets; sourceTree = "<group>"; };
		18F01BA424BE639300376394 /* Base */ = {isa = PBXFileReference; lastKnownFileType = file.storyboard; name = Base; path = Base.lproj/LaunchScreen.storyboard; sourceTree = "<group>"; };
		18F01BA624BE639300376394 /* Info.plist */ = {isa = PBXFileReference; lastKnownFileType = text.plist.xml; path = Info.plist; sourceTree = "<group>"; };
		18F01BAC24BE678100376394 /* HomePageViewController.swift */ = {isa = PBXFileReference; lastKnownFileType = sourcecode.swift; path = HomePageViewController.swift; sourceTree = "<group>"; };
		18F01BAE24BE67A900376394 /* explanationViewController.swift */ = {isa = PBXFileReference; lastKnownFileType = sourcecode.swift; path = explanationViewController.swift; sourceTree = "<group>"; };
		18F01BB224BE67E800376394 /* bucketViewController.swift */ = {isa = PBXFileReference; lastKnownFileType = sourcecode.swift; path = bucketViewController.swift; sourceTree = "<group>"; };
		18F01BB424BE681B00376394 /* searchViewController.swift */ = {isa = PBXFileReference; lastKnownFileType = sourcecode.swift; path = searchViewController.swift; sourceTree = "<group>"; };
		F94CDD5424C0E0CA0018F80D /* israelViewController.swift */ = {isa = PBXFileReference; lastKnownFileType = sourcecode.swift; path = israelViewController.swift; sourceTree = "<group>"; };
		F9D69FC724BE88D6005618EF /* mapViewController.swift */ = {isa = PBXFileReference; lastKnownFileType = sourcecode.swift; path = mapViewController.swift; sourceTree = "<group>"; };
		F9D69FC924BEA936005618EF /* italyViewController.swift */ = {isa = PBXFileReference; lastKnownFileType = sourcecode.swift; path = italyViewController.swift; sourceTree = "<group>"; };
		F9D69FCB24BEA97B005618EF /* greeceViewController.swift */ = {isa = PBXFileReference; lastKnownFileType = sourcecode.swift; path = greeceViewController.swift; sourceTree = "<group>"; };
		F9D69FCD24BEA9B8005618EF /* australiaViewController.swift */ = {isa = PBXFileReference; lastKnownFileType = sourcecode.swift; path = australiaViewController.swift; sourceTree = "<group>"; };
		F9D69FCF24BEA9F3005618EF /* brazilViewController.swift */ = {isa = PBXFileReference; lastKnownFileType = sourcecode.swift; path = brazilViewController.swift; sourceTree = "<group>"; };
		F9D69FD124BEAA15005618EF /* ghanaViewController.swift */ = {isa = PBXFileReference; lastKnownFileType = sourcecode.swift; path = ghanaViewController.swift; sourceTree = "<group>"; };
		F9D69FD324BEAA3C005618EF /* moroccoViewController.swift */ = {isa = PBXFileReference; lastKnownFileType = sourcecode.swift; path = moroccoViewController.swift; sourceTree = "<group>"; };
		F9D69FD524BEAA62005618EF /* philippinesViewController.swift */ = {isa = PBXFileReference; lastKnownFileType = sourcecode.swift; path = philippinesViewController.swift; sourceTree = "<group>"; };
/* End PBXFileReference section */

/* Begin PBXFrameworksBuildPhase section */
		18F01B8F24BE639100376394 /* Frameworks */ = {
			isa = PBXFrameworksBuildPhase;
			buildActionMask = 2147483647;
			files = (
			);
			runOnlyForDeploymentPostprocessing = 0;
		};
/* End PBXFrameworksBuildPhase section */

/* Begin PBXGroup section */
		18F01B8924BE639100376394 = {
			isa = PBXGroup;
			children = (
				18F01B9424BE639100376394 /* FINALproject */,
				18F01B9324BE639100376394 /* Products */,
			);
			sourceTree = "<group>";
		};
		18F01B9324BE639100376394 /* Products */ = {
			isa = PBXGroup;
			children = (
				18F01B9224BE639100376394 /* FINALproject.app */,
			);
			name = Products;
			sourceTree = "<group>";
		};
		18F01B9424BE639100376394 /* FINALproject */ = {
			isa = PBXGroup;
			children = (
				18F01B9524BE639100376394 /* AppDelegate.swift */,
				18F01B9724BE639100376394 /* SceneDelegate.swift */,
				18F01B9924BE639100376394 /* ViewController.swift */,
				18F01B9B24BE639100376394 /* Main.storyboard */,
				18F01BA124BE639300376394 /* Assets.xcassets */,
				18F01BA324BE639300376394 /* LaunchScreen.storyboard */,
				18F01BA624BE639300376394 /* Info.plist */,
				18F01B9E24BE639200376394 /* FINALproject.xcdatamodeld */,
				18F01BAC24BE678100376394 /* HomePageViewController.swift */,
				18F01BAE24BE67A900376394 /* explanationViewController.swift */,
				F9D69FC724BE88D6005618EF /* mapViewController.swift */,
				18F01BB224BE67E800376394 /* bucketViewController.swift */,
				18F01BB424BE681B00376394 /* searchViewController.swift */,
				F9D69FC924BEA936005618EF /* italyViewController.swift */,
				F9D69FCB24BEA97B005618EF /* greeceViewController.swift */,
				F9D69FCD24BEA9B8005618EF /* australiaViewController.swift */,
				F9D69FCF24BEA9F3005618EF /* brazilViewController.swift */,
				F9D69FD124BEAA15005618EF /* ghanaViewController.swift */,
				F9D69FD324BEAA3C005618EF /* moroccoViewController.swift */,
				F9D69FD524BEAA62005618EF /* philippinesViewController.swift */,
				F94CDD5424C0E0CA0018F80D /* israelViewController.swift */,
			);
			path = FINALproject;
			sourceTree = "<group>";
		};
/* End PBXGroup section */

/* Begin PBXNativeTarget section */
		18F01B9124BE639100376394 /* FINALproject */ = {
			isa = PBXNativeTarget;
			buildConfigurationList = 18F01BA924BE639300376394 /* Build configuration list for PBXNativeTarget "FINALproject" */;
			buildPhases = (
				18F01B8E24BE639100376394 /* Sources */,
				18F01B8F24BE639100376394 /* Frameworks */,
				18F01B9024BE639100376394 /* Resources */,
			);
			buildRules = (
			);
			dependencies = (
			);
			name = FINALproject;
			productName = FINALproject;
			productReference = 18F01B9224BE639100376394 /* FINALproject.app */;
			productType = "com.apple.product-type.application";
		};
/* End PBXNativeTarget section */

/* Begin PBXProject section */
		18F01B8A24BE639100376394 /* Project object */ = {
			isa = PBXProject;
			attributes = {
				LastSwiftUpdateCheck = 1150;
				LastUpgradeCheck = 1150;
				ORGANIZATIONNAME = Gracie;
				TargetAttributes = {
					18F01B9124BE639100376394 = {
						CreatedOnToolsVersion = 11.5;
					};
				};
			};
			buildConfigurationList = 18F01B8D24BE639100376394 /* Build configuration list for PBXProject "FINALproject" */;
			compatibilityVersion = "Xcode 9.3";
			developmentRegion = en;
			hasScannedForEncodings = 0;
			knownRegions = (
				en,
				Base,
			);
			mainGroup = 18F01B8924BE639100376394;
			productRefGroup = 18F01B9324BE639100376394 /* Products */;
			projectDirPath = "";
			projectRoot = "";
			targets = (
				18F01B9124BE639100376394 /* FINALproject */,
			);
		};
/* End PBXProject section */

/* Begin PBXResourcesBuildPhase section */
		18F01B9024BE639100376394 /* Resources */ = {
			isa = PBXResourcesBuildPhase;
			buildActionMask = 2147483647;
			files = (
				18F01BA524BE639300376394 /* LaunchScreen.storyboard in Resources */,
				18F01BA224BE639300376394 /* Assets.xcassets in Resources */,
				18F01B9D24BE639100376394 /* Main.storyboard in Resources */,
			);
			runOnlyForDeploymentPostprocessing = 0;
		};
/* End PBXResourcesBuildPhase section */

/* Begin PBXSourcesBuildPhase section */
		18F01B8E24BE639100376394 /* Sources */ = {
			isa = PBXSourcesBuildPhase;
			buildActionMask = 2147483647;
			files = (
				F9D69FD224BEAA15005618EF /* ghanaViewController.swift in Sources */,
				18F01B9A24BE639100376394 /* ViewController.swift in Sources */,
				18F01B9624BE639100376394 /* AppDelegate.swift in Sources */,
				F94CDD5524C0E0CA0018F80D /* israelViewController.swift in Sources */,
				18F01BB324BE67E800376394 /* bucketViewController.swift in Sources */,
				18F01BA024BE639200376394 /* FINALproject.xcdatamodeld in Sources */,
				F9D69FCA24BEA936005618EF /* italyViewController.swift in Sources */,
				F9D69FD024BEA9F3005618EF /* brazilViewController.swift in Sources */,
				F9D69FCC24BEA97B005618EF /* greeceViewController.swift in Sources */,
				18F01BAD24BE678100376394 /* HomePageViewController.swift in Sources */,
				F9D69FD424BEAA3C005618EF /* moroccoViewController.swift in Sources */,
				18F01BB524BE681B00376394 /* searchViewController.swift in Sources */,
				F9D69FC824BE88D6005618EF /* mapViewController.swift in Sources */,
				F9D69FCE24BEA9B8005618EF /* australiaViewController.swift in Sources */,
				18F01BAF24BE67A900376394 /* explanationViewController.swift in Sources */,
				F9D69FD624BEAA62005618EF /* philippinesViewController.swift in Sources */,
				18F01B9824BE639100376394 /* SceneDelegate.swift in Sources */,
			);
			runOnlyForDeploymentPostprocessing = 0;
		};
/* End PBXSourcesBuildPhase section */

/* Begin PBXVariantGroup section */
		18F01B9B24BE639100376394 /* Main.storyboard */ = {
			isa = PBXVariantGroup;
			children = (
				18F01B9C24BE639100376394 /* Base */,
			);
			name = Main.storyboard;
			sourceTree = "<group>";
		};
		18F01BA324BE639300376394 /* LaunchScreen.storyboard */ = {
			isa = PBXVariantGroup;
			children = (
				18F01BA424BE639300376394 /* Base */,
			);
			name = LaunchScreen.storyboard;
			sourceTree = "<group>";
		};
/* End PBXVariantGroup section */

/* Begin XCBuildConfiguration section */
		18F01BA724BE639300376394 /* Debug */ = {
			isa = XCBuildConfiguration;
			buildSettings = {
				ALWAYS_SEARCH_USER_PATHS = NO;
				CLANG_ANALYZER_NONNULL = YES;
				CLANG_ANALYZER_NUMBER_OBJECT_CONVERSION = YES_AGGRESSIVE;
				CLANG_CXX_LANGUAGE_STANDARD = "gnu++14";
				CLANG_CXX_LIBRARY = "libc++";
				CLANG_ENABLE_MODULES = YES;
				CLANG_ENABLE_OBJC_ARC = YES;
				CLANG_ENABLE_OBJC_WEAK = YES;
				CLANG_WARN_BLOCK_CAPTURE_AUTORELEASING = YES;
				CLANG_WARN_BOOL_CONVERSION = YES;
				CLANG_WARN_COMMA = YES;
				CLANG_WARN_CONSTANT_CONVERSION = YES;
				CLANG_WARN_DEPRECATED_OBJC_IMPLEMENTATIONS = YES;
				CLANG_WARN_DIRECT_OBJC_ISA_USAGE = YES_ERROR;
				CLANG_WARN_DOCUMENTATION_COMMENTS = YES;
				CLANG_WARN_EMPTY_BODY = YES;
				CLANG_WARN_ENUM_CONVERSION = YES;
				CLANG_WARN_INFINITE_RECURSION = YES;
				CLANG_WARN_INT_CONVERSION = YES;
				CLANG_WARN_NON_LITERAL_NULL_CONVERSION = YES;
				CLANG_WARN_OBJC_IMPLICIT_RETAIN_SELF = YES;
				CLANG_WARN_OBJC_LITERAL_CONVERSION = YES;
				CLANG_WARN_OBJC_ROOT_CLASS = YES_ERROR;
				CLANG_WARN_RANGE_LOOP_ANALYSIS = YES;
				CLANG_WARN_STRICT_PROTOTYPES = YES;
				CLANG_WARN_SUSPICIOUS_MOVE = YES;
				CLANG_WARN_UNGUARDED_AVAILABILITY = YES_AGGRESSIVE;
				CLANG_WARN_UNREACHABLE_CODE = YES;
				CLANG_WARN__DUPLICATE_METHOD_MATCH = YES;
				COPY_PHASE_STRIP = NO;
				DEBUG_INFORMATION_FORMAT = dwarf;
				ENABLE_STRICT_OBJC_MSGSEND = YES;
				ENABLE_TESTABILITY = YES;
				GCC_C_LANGUAGE_STANDARD = gnu11;
				GCC_DYNAMIC_NO_PIC = NO;
				GCC_NO_COMMON_BLOCKS = YES;
				GCC_OPTIMIZATION_LEVEL = 0;
				GCC_PREPROCESSOR_DEFINITIONS = (
					"DEBUG=1",
					"$(inherited)",
				);
				GCC_WARN_64_TO_32_BIT_CONVERSION = YES;
				GCC_WARN_ABOUT_RETURN_TYPE = YES_ERROR;
				GCC_WARN_UNDECLARED_SELECTOR = YES;
				GCC_WARN_UNINITIALIZED_AUTOS = YES_AGGRESSIVE;
				GCC_WARN_UNUSED_FUNCTION = YES;
				GCC_WARN_UNUSED_VARIABLE = YES;
				IPHONEOS_DEPLOYMENT_TARGET = 13.5;
				MTL_ENABLE_DEBUG_INFO = INCLUDE_SOURCE;
				MTL_FAST_MATH = YES;
				ONLY_ACTIVE_ARCH = YES;
				SDKROOT = iphoneos;
				SWIFT_ACTIVE_COMPILATION_CONDITIONS = DEBUG;
				SWIFT_OPTIMIZATION_LEVEL = "-Onone";
			};
			name = Debug;
		};
		18F01BA824BE639300376394 /* Release */ = {
			isa = XCBuildConfiguration;
			buildSettings = {
				ALWAYS_SEARCH_USER_PATHS = NO;
				CLANG_ANALYZER_NONNULL = YES;
				CLANG_ANALYZER_NUMBER_OBJECT_CONVERSION = YES_AGGRESSIVE;
				CLANG_CXX_LANGUAGE_STANDARD = "gnu++14";
				CLANG_CXX_LIBRARY = "libc++";
				CLANG_ENABLE_MODULES = YES;
				CLANG_ENABLE_OBJC_ARC = YES;
				CLANG_ENABLE_OBJC_WEAK = YES;
				CLANG_WARN_BLOCK_CAPTURE_AUTORELEASING = YES;
				CLANG_WARN_BOOL_CONVERSION = YES;
				CLANG_WARN_COMMA = YES;
				CLANG_WARN_CONSTANT_CONVERSION = YES;
				CLANG_WARN_DEPRECATED_OBJC_IMPLEMENTATIONS = YES;
				CLANG_WARN_DIRECT_OBJC_ISA_USAGE = YES_ERROR;
				CLANG_WARN_DOCUMENTATION_COMMENTS = YES;
				CLANG_WARN_EMPTY_BODY = YES;
				CLANG_WARN_ENUM_CONVERSION = YES;
				CLANG_WARN_INFINITE_RECURSION = YES;
				CLANG_WARN_INT_CONVERSION = YES;
				CLANG_WARN_NON_LITERAL_NULL_CONVERSION = YES;
				CLANG_WARN_OBJC_IMPLICIT_RETAIN_SELF = YES;
				CLANG_WARN_OBJC_LITERAL_CONVERSION = YES;
				CLANG_WARN_OBJC_ROOT_CLASS = YES_ERROR;
				CLANG_WARN_RANGE_LOOP_ANALYSIS = YES;
				CLANG_WARN_STRICT_PROTOTYPES = YES;
				CLANG_WARN_SUSPICIOUS_MOVE = YES;
				CLANG_WARN_UNGUARDED_AVAILABILITY = YES_AGGRESSIVE;
				CLANG_WARN_UNREACHABLE_CODE = YES;
				CLANG_WARN__DUPLICATE_METHOD_MATCH = YES;
				COPY_PHASE_STRIP = NO;
				DEBUG_INFORMATION_FORMAT = "dwarf-with-dsym";
				ENABLE_NS_ASSERTIONS = NO;
				ENABLE_STRICT_OBJC_MSGSEND = YES;
				GCC_C_LANGUAGE_STANDARD = gnu11;
				GCC_NO_COMMON_BLOCKS = YES;
				GCC_WARN_64_TO_32_BIT_CONVERSION = YES;
				GCC_WARN_ABOUT_RETURN_TYPE = YES_ERROR;
				GCC_WARN_UNDECLARED_SELECTOR = YES;
				GCC_WARN_UNINITIALIZED_AUTOS = YES_AGGRESSIVE;
				GCC_WARN_UNUSED_FUNCTION = YES;
				GCC_WARN_UNUSED_VARIABLE = YES;
				IPHONEOS_DEPLOYMENT_TARGET = 13.5;
				MTL_ENABLE_DEBUG_INFO = NO;
				MTL_FAST_MATH = YES;
				SDKROOT = iphoneos;
				SWIFT_COMPILATION_MODE = wholemodule;
				SWIFT_OPTIMIZATION_LEVEL = "-O";
				VALIDATE_PRODUCT = YES;
			};
			name = Release;
		};
		18F01BAA24BE639300376394 /* Debug */ = {
			isa = XCBuildConfiguration;
			buildSettings = {
				ASSETCATALOG_COMPILER_APPICON_NAME = AppIcon;
				CODE_SIGN_STYLE = Automatic;
				DEVELOPMENT_TEAM = 728WNH5KXZ;
				INFOPLIST_FILE = FINALproject/Info.plist;
				LD_RUNPATH_SEARCH_PATHS = (
					"$(inherited)",
					"@executable_path/Frameworks",
				);
				PRODUCT_BUNDLE_IDENTIFIER = gracieEppler.FINALproject;
				PRODUCT_NAME = "$(TARGET_NAME)";
				SWIFT_VERSION = 5.0;
				TARGETED_DEVICE_FAMILY = "1,2";
			};
			name = Debug;
		};
		18F01BAB24BE639300376394 /* Release */ = {
			isa = XCBuildConfiguration;
			buildSettings = {
				ASSETCATALOG_COMPILER_APPICON_NAME = AppIcon;
				CODE_SIGN_STYLE = Automatic;
				DEVELOPMENT_TEAM = 728WNH5KXZ;
				INFOPLIST_FILE = FINALproject/Info.plist;
				LD_RUNPATH_SEARCH_PATHS = (
					"$(inherited)",
					"@executable_path/Frameworks",
				);
				PRODUCT_BUNDLE_IDENTIFIER = gracieEppler.FINALproject;
				PRODUCT_NAME = "$(TARGET_NAME)";
				SWIFT_VERSION = 5.0;
				TARGETED_DEVICE_FAMILY = "1,2";
			};
			name = Release;
		};
/* End XCBuildConfiguration section */

/* Begin XCConfigurationList section */
		18F01B8D24BE639100376394 /* Build configuration list for PBXProject "FINALproject" */ = {
			isa = XCConfigurationList;
			buildConfigurations = (
				18F01BA724BE639300376394 /* Debug */,
				18F01BA824BE639300376394 /* Release */,
			);
			defaultConfigurationIsVisible = 0;
			defaultConfigurationName = Release;
		};
		18F01BA924BE639300376394 /* Build configuration list for PBXNativeTarget "FINALproject" */ = {
			isa = XCConfigurationList;
			buildConfigurations = (
				18F01BAA24BE639300376394 /* Debug */,
				18F01BAB24BE639300376394 /* Release */,
			);
			defaultConfigurationIsVisible = 0;
			defaultConfigurationName = Release;
		};
/* End XCConfigurationList section */

/* Begin XCVersionGroup section */
		18F01B9E24BE639200376394 /* FINALproject.xcdatamodeld */ = {
			isa = XCVersionGroup;
			children = (
				18F01B9F24BE639200376394 /* FINALproject.xcdatamodel */,
			);
			currentVersion = 18F01B9F24BE639200376394 /* FINALproject.xcdatamodel */;
			path = FINALproject.xcdatamodeld;
			sourceTree = "<group>";
			versionGroupType = wrapper.xcdatamodel;
		};
/* End XCVersionGroup section */
	};
	rootObject = 18F01B8A24BE639100376394 /* Project object */;
}
